
Microsoft Visual Studio Solution File, Format Version 12.00
# Visual Studio Version 16
VisualStudioVersion = 16.0.31105.61
MinimumVisualStudioVersion = 10.0.40219.1
Project("{FAE04EC0-301F-11D3-BF4B-00C04F79EFBC}") = "SalesWebMvc", "SalesWebMvc\SalesWebMvc.csproj", "{BCB98DB5-7102-48C4-8CAD-3051E5F0D2C6}"
EndProject
Global
	GlobalSection(SolutionConfigurationPlatforms) = preSolution
		Debug|Any CPU = Debug|Any CPU
		Release|Any CPU = Release|Any CPU
	EndGlobalSection
	GlobalSection(ProjectConfigurationPlatforms) = postSolution
		{BCB98DB5-7102-48C4-8CAD-3051E5F0D2C6}.Debug|Any CPU.ActiveCfg = Debug|Any CPU
		{BCB98DB5-7102-48C4-8CAD-3051E5F0D2C6}.Debug|Any CPU.Build.0 = Debug|Any CPU
		{BCB98DB5-7102-48C4-8CAD-3051E5F0D2C6}.Release|Any CPU.ActiveCfg = Release|Any CPU
		{BCB98DB5-7102-48C4-8CAD-3051E5F0D2C6}.Release|Any CPU.Build.0 = Release|Any CPU
	EndGlobalSection
	GlobalSection(SolutionProperties) = preSolution
		HideSolutionNode = FALSE
	EndGlobalSection
	GlobalSection(ExtensibilityGlobals) = postSolution
		SolutionGuid = {8ECB9D1D-687B-4F2E-90FA-A1498CD11161}
	EndGlobalSection
EndGlobal
